
Microsoft Visual Studio Solution File, Format Version 12.00
# Visual Studio Version 17
VisualStudioVersion = 17.4.33110.190
MinimumVisualStudioVersion = 10.0.40219.1
Project("{9A19103F-16F7-4668-BE54-9A1E7A4F7556}") = "Aoc2023", "Aoc2023\Aoc2023.csproj", "{473ED468-684B-448E-9BFE-7FB79BA8B261}"
EndProject
Project("{FAE04EC0-301F-11D3-BF4B-00C04F79EFBC}") = "Aoc2022", "Aoc2022\Aoc2022.csproj", "{5C8FC3A2-4469-410E-8355-E42C6C4CF4AE}"
EndProject
Project("{FAE04EC0-301F-11D3-BF4B-00C04F79EFBC}") = "Utilities", "Utilities\Utilities.csproj", "{F0D10956-8CDF-4B43-B9E6-6D6CF02E52A3}"
EndProject
Global
	GlobalSection(SolutionConfigurationPlatforms) = preSolution
		Debug|Any CPU = Debug|Any CPU
		Release|Any CPU = Release|Any CPU
	EndGlobalSection
	GlobalSection(ProjectConfigurationPlatforms) = postSolution
		{473ED468-684B-448E-9BFE-7FB79BA8B261}.Debug|Any CPU.ActiveCfg = Debug|Any CPU
		{473ED468-684B-448E-9BFE-7FB79BA8B261}.Debug|Any CPU.Build.0 = Debug|Any CPU
		{473ED468-684B-448E-9BFE-7FB79BA8B261}.Release|Any CPU.ActiveCfg = Release|Any CPU
		{473ED468-684B-448E-9BFE-7FB79BA8B261}.Release|Any CPU.Build.0 = Release|Any CPU
		{5C8FC3A2-4469-410E-8355-E42C6C4CF4AE}.Debug|Any CPU.ActiveCfg = Debug|Any CPU
		{5C8FC3A2-4469-410E-8355-E42C6C4CF4AE}.Debug|Any CPU.Build.0 = Debug|Any CPU
		{5C8FC3A2-4469-410E-8355-E42C6C4CF4AE}.Release|Any CPU.ActiveCfg = Release|Any CPU
		{5C8FC3A2-4469-410E-8355-E42C6C4CF4AE}.Release|Any CPU.Build.0 = Release|Any CPU
		{F0D10956-8CDF-4B43-B9E6-6D6CF02E52A3}.Debug|Any CPU.ActiveCfg = Debug|Any CPU
		{F0D10956-8CDF-4B43-B9E6-6D6CF02E52A3}.Debug|Any CPU.Build.0 = Debug|Any CPU
		{F0D10956-8CDF-4B43-B9E6-6D6CF02E52A3}.Release|Any CPU.ActiveCfg = Release|Any CPU
		{F0D10956-8CDF-4B43-B9E6-6D6CF02E52A3}.Release|Any CPU.Build.0 = Release|Any CPU
	EndGlobalSection
	GlobalSection(SolutionProperties) = preSolution
		HideSolutionNode = FALSE
	EndGlobalSection
	GlobalSection(ExtensibilityGlobals) = postSolution
		SolutionGuid = {679EEE34-25B8-4A22-B2D5-BCFFA61D7059}
	EndGlobalSection
EndGlobal
